
Microsoft Visual Studio Solution File, Format Version 12.00
# Visual Studio Version 16
VisualStudioVersion = 16.0.30225.117
MinimumVisualStudioVersion = 10.0.40219.1
Project("{FAE04EC0-301F-11D3-BF4B-00C04F79EFBC}") = "Arhitectura Retelei N", "Arhitectura Retelei N\Arhitectura Retelei N.csproj", "{7773294C-D2A0-4F25-902A-91F7BAB06AE4}"
EndProject
Global
	GlobalSection(SolutionConfigurationPlatforms) = preSolution
		Debug|Any CPU = Debug|Any CPU
		Release|Any CPU = Release|Any CPU
	EndGlobalSection
	GlobalSection(ProjectConfigurationPlatforms) = postSolution
		{7773294C-D2A0-4F25-902A-91F7BAB06AE4}.Debug|Any CPU.ActiveCfg = Debug|Any CPU
		{7773294C-D2A0-4F25-902A-91F7BAB06AE4}.Debug|Any CPU.Build.0 = Debug|Any CPU
		{7773294C-D2A0-4F25-902A-91F7BAB06AE4}.Release|Any CPU.ActiveCfg = Release|Any CPU
		{7773294C-D2A0-4F25-902A-91F7BAB06AE4}.Release|Any CPU.Build.0 = Release|Any CPU
	EndGlobalSection
	GlobalSection(SolutionProperties) = preSolution
		HideSolutionNode = FALSE
	EndGlobalSection
	GlobalSection(ExtensibilityGlobals) = postSolution
		SolutionGuid = {49602369-77C1-470B-B8AF-732235C92267}
	EndGlobalSection
EndGlobal
